{
  "nodes": {
    "dotnet-tools": {
      "inputs": {
        "flake-utils": "flake-utils",
        "nixpkgs": "nixpkgs"
      },
      "locked": {
        "lastModified": 1668402567,
        "narHash": "sha256-llq9my8jp0JboTwApO2ru5CMtO4E3zKm33QMOFrav6Q=",
        "owner": "Programmerino",
        "repo": "dotnet-tools.nix",
        "rev": "956c011b2031d6fb29e0526f46d0938db00ba58f",
        "type": "github"
      },
      "original": {
        "owner": "Programmerino",
        "repo": "dotnet-tools.nix",
        "type": "github"
      }
    },
    "flake-utils": {
      "locked": {
        "lastModified": 1644229661,
        "narHash": "sha256-1YdnJAsNy69bpcjuoKdOYQX0YxZBiCYZo4Twxerqv7k=",
        "owner": "numtide",
        "repo": "flake-utils",
        "rev": "3cecb5b042f7f209c56ffd8371b2711a290ec797",
        "type": "github"
      },
      "original": {
        "owner": "numtide",
        "repo": "flake-utils",
        "type": "github"
      }
    },
    "flake-utils_2": {
      "locked": {
        "lastModified": 1644229661,
        "narHash": "sha256-1YdnJAsNy69bpcjuoKdOYQX0YxZBiCYZo4Twxerqv7k=",
        "owner": "numtide",
        "repo": "flake-utils",
        "rev": "3cecb5b042f7f209c56ffd8371b2711a290ec797",
        "type": "github"
      },
      "original": {
        "owner": "numtide",
        "repo": "flake-utils",
        "type": "github"
      }
    },
    "nixpkgs": {
      "locked": {
        "lastModified": 1648065016,
        "narHash": "sha256-H1+uesSA0vsSWaPey5KbYdE+D67gXBJNk3Z/HE00M3M=",
        "owner": "NixOS",
        "repo": "nixpkgs",
        "rev": "c984213d12225fa5feb640136872da56d2e8f702",
        "type": "github"
      },
      "original": {
        "id": "nixpkgs",
        "type": "indirect"
      }
    },
    "nixpkgs_2": {
      "locked": {
        "lastModified": 1648162330,
        "narHash": "sha256-8hD6lFayU57Psd7Z7KZtOVskeXSUBZrMxquu/7PBbvI=",
        "owner": "nixos",
        "repo": "nixpkgs",
        "rev": "6a74aa0a1372c93571ce3c0ce4e23daf05df019e",
        "type": "github"
      },
      "original": {
        "owner": "nixos",
        "repo": "nixpkgs",
        "type": "github"
      }
    },
    "root": {
      "inputs": {
        "dotnet-tools": "dotnet-tools",
        "flake-utils": "flake-utils_2",
        "nixpkgs": "nixpkgs_2"
      }
    }
  },
  "root": "root",
  "version": 7
}
